
Microsoft Visual Studio Solution File, Format Version 12.00
# Visual Studio Version 17
VisualStudioVersion = 17.0.31903.59
MinimumVisualStudioVersion = 10.0.40219.1
Project("{9A19103F-16F7-4668-BE54-9A1E7A4F7556}") = "regwizard", "regwizard\regwizard.csproj", "{205CAD0C-7485-4648-BEA3-2584D0189FC5}"
EndProject
Project("{9A19103F-16F7-4668-BE54-9A1E7A4F7556}") = "regwizard.db", "regwizard.db\regwizard.db.csproj", "{6509E628-E64F-47D4-B36C-60C167E33313}"
EndProject
Project("{FAE04EC0-301F-11D3-BF4B-00C04F79EFBC}") = "regwizard.models", "regwizard.models\regwizard.models.csproj", "{307DB0A1-5ADC-477E-8D4D-6A8C6BA4FC9B}"
EndProject
Project("{FAE04EC0-301F-11D3-BF4B-00C04F79EFBC}") = "regwizard.tests", "regwizard.tests\regwizard.tests.csproj", "{1F771C23-AB79-4BE6-830D-B75C0D88CA30}"
EndProject
Global
	GlobalSection(SolutionConfigurationPlatforms) = preSolution
		Debug|Any CPU = Debug|Any CPU
		Release|Any CPU = Release|Any CPU
	EndGlobalSection
	GlobalSection(ProjectConfigurationPlatforms) = postSolution
		{205CAD0C-7485-4648-BEA3-2584D0189FC5}.Debug|Any CPU.ActiveCfg = Debug|Any CPU
		{205CAD0C-7485-4648-BEA3-2584D0189FC5}.Debug|Any CPU.Build.0 = Debug|Any CPU
		{205CAD0C-7485-4648-BEA3-2584D0189FC5}.Release|Any CPU.ActiveCfg = Release|Any CPU
		{205CAD0C-7485-4648-BEA3-2584D0189FC5}.Release|Any CPU.Build.0 = Release|Any CPU
		{6509E628-E64F-47D4-B36C-60C167E33313}.Debug|Any CPU.ActiveCfg = Debug|Any CPU
		{6509E628-E64F-47D4-B36C-60C167E33313}.Debug|Any CPU.Build.0 = Debug|Any CPU
		{6509E628-E64F-47D4-B36C-60C167E33313}.Release|Any CPU.ActiveCfg = Release|Any CPU
		{6509E628-E64F-47D4-B36C-60C167E33313}.Release|Any CPU.Build.0 = Release|Any CPU
		{307DB0A1-5ADC-477E-8D4D-6A8C6BA4FC9B}.Debug|Any CPU.ActiveCfg = Debug|Any CPU
		{307DB0A1-5ADC-477E-8D4D-6A8C6BA4FC9B}.Debug|Any CPU.Build.0 = Debug|Any CPU
		{307DB0A1-5ADC-477E-8D4D-6A8C6BA4FC9B}.Release|Any CPU.ActiveCfg = Release|Any CPU
		{307DB0A1-5ADC-477E-8D4D-6A8C6BA4FC9B}.Release|Any CPU.Build.0 = Release|Any CPU
		{1F771C23-AB79-4BE6-830D-B75C0D88CA30}.Debug|Any CPU.ActiveCfg = Debug|Any CPU
		{1F771C23-AB79-4BE6-830D-B75C0D88CA30}.Debug|Any CPU.Build.0 = Debug|Any CPU
		{1F771C23-AB79-4BE6-830D-B75C0D88CA30}.Release|Any CPU.ActiveCfg = Release|Any CPU
		{1F771C23-AB79-4BE6-830D-B75C0D88CA30}.Release|Any CPU.Build.0 = Release|Any CPU
	EndGlobalSection
	GlobalSection(SolutionProperties) = preSolution
		HideSolutionNode = FALSE
	EndGlobalSection
	GlobalSection(ExtensibilityGlobals) = postSolution
		SolutionGuid = {C2056138-8035-4570-89C4-ED3B195EBBDD}
	EndGlobalSection
EndGlobal
